
Microsoft Visual Studio Solution File, Format Version 12.00
# Visual Studio Version 16
VisualStudioVersion = 16.0.31105.61
MinimumVisualStudioVersion = 10.0.40219.1
Project("{FAE04EC0-301F-11D3-BF4B-00C04F79EFBC}") = "Calculator", "Calculator.csproj", "{319FEFA5-1B8D-4971-BE50-17E4CDAA2CEF}"
EndProject
Global
	GlobalSection(SolutionConfigurationPlatforms) = preSolution
		Debug|Any CPU = Debug|Any CPU
		Release|Any CPU = Release|Any CPU
	EndGlobalSection
	GlobalSection(ProjectConfigurationPlatforms) = postSolution
		{319FEFA5-1B8D-4971-BE50-17E4CDAA2CEF}.Debug|Any CPU.ActiveCfg = Debug|Any CPU
		{319FEFA5-1B8D-4971-BE50-17E4CDAA2CEF}.Debug|Any CPU.Build.0 = Debug|Any CPU
		{319FEFA5-1B8D-4971-BE50-17E4CDAA2CEF}.Release|Any CPU.ActiveCfg = Release|Any CPU
		{319FEFA5-1B8D-4971-BE50-17E4CDAA2CEF}.Release|Any CPU.Build.0 = Release|Any CPU
	EndGlobalSection
	GlobalSection(SolutionProperties) = preSolution
		HideSolutionNode = FALSE
	EndGlobalSection
	GlobalSection(ExtensibilityGlobals) = postSolution
		SolutionGuid = {EAD94576-5330-46C8-AB64-DC4E6940ACE3}
	EndGlobalSection
EndGlobal
